
Microsoft Visual Studio Solution File, Format Version 12.00
# Visual Studio Version 17
VisualStudioVersion = 17.0.31717.71
MinimumVisualStudioVersion = 10.0.40219.1
Project("{9A19103F-16F7-4668-BE54-9A1E7A4F7556}") = "NeuroLinker", "NeuroLinker\NeuroLinker.csproj", "{8BFBE82B-86ED-4052-90DC-F2E600BA6BFA}"
EndProject
Project("{9A19103F-16F7-4668-BE54-9A1E7A4F7556}") = "NeuroLinker.Tests", "NeuroLinker.Tests\NeuroLinker.Tests.csproj", "{72F11169-2ACF-43C2-9516-51D78C404286}"
EndProject
Global
	GlobalSection(SolutionConfigurationPlatforms) = preSolution
		Debug|Any CPU = Debug|Any CPU
		Release|Any CPU = Release|Any CPU
	EndGlobalSection
	GlobalSection(ProjectConfigurationPlatforms) = postSolution
		{8BFBE82B-86ED-4052-90DC-F2E600BA6BFA}.Debug|Any CPU.ActiveCfg = Debug|Any CPU
		{8BFBE82B-86ED-4052-90DC-F2E600BA6BFA}.Debug|Any CPU.Build.0 = Debug|Any CPU
		{8BFBE82B-86ED-4052-90DC-F2E600BA6BFA}.Release|Any CPU.ActiveCfg = Release|Any CPU
		{8BFBE82B-86ED-4052-90DC-F2E600BA6BFA}.Release|Any CPU.Build.0 = Release|Any CPU
		{72F11169-2ACF-43C2-9516-51D78C404286}.Debug|Any CPU.ActiveCfg = Debug|Any CPU
		{72F11169-2ACF-43C2-9516-51D78C404286}.Debug|Any CPU.Build.0 = Debug|Any CPU
		{72F11169-2ACF-43C2-9516-51D78C404286}.Release|Any CPU.ActiveCfg = Release|Any CPU
		{72F11169-2ACF-43C2-9516-51D78C404286}.Release|Any CPU.Build.0 = Release|Any CPU
	EndGlobalSection
	GlobalSection(SolutionProperties) = preSolution
		HideSolutionNode = FALSE
	EndGlobalSection
	GlobalSection(ExtensibilityGlobals) = postSolution
		SolutionGuid = {CC6D4424-1B50-474C-A01F-1C358D762294}
	EndGlobalSection
EndGlobal
